
Microsoft Visual Studio Solution File, Format Version 12.00
# Visual Studio Version 17
VisualStudioVersion = 17.5.33530.505
MinimumVisualStudioVersion = 10.0.40219.1
Project("{9A19103F-16F7-4668-BE54-9A1E7A4F7556}") = "GestionCommandes", "GestionCommandes\GestionCommandes.csproj", "{BA6B3532-9DE6-4702-911A-B0EC5C938523}"
EndProject
Project("{9A19103F-16F7-4668-BE54-9A1E7A4F7556}") = "GestionCommandes.Core", "GestionCommandes.Core\GestionCommandes.Core.csproj", "{54136341-31DE-43FB-803E-8355B9E26C73}"
EndProject
Global
	GlobalSection(SolutionConfigurationPlatforms) = preSolution
		Debug|Any CPU = Debug|Any CPU
		Debug|arm64 = Debug|arm64
		Debug|x64 = Debug|x64
		Debug|x86 = Debug|x86
		Release|Any CPU = Release|Any CPU
		Release|arm64 = Release|arm64
		Release|x64 = Release|x64
		Release|x86 = Release|x86
	EndGlobalSection
	GlobalSection(ProjectConfigurationPlatforms) = postSolution
		{BA6B3532-9DE6-4702-911A-B0EC5C938523}.Debug|Any CPU.ActiveCfg = Debug|x64
		{BA6B3532-9DE6-4702-911A-B0EC5C938523}.Debug|Any CPU.Build.0 = Debug|x64
		{BA6B3532-9DE6-4702-911A-B0EC5C938523}.Debug|Any CPU.Deploy.0 = Debug|x64
		{BA6B3532-9DE6-4702-911A-B0EC5C938523}.Debug|arm64.ActiveCfg = Debug|arm64
		{BA6B3532-9DE6-4702-911A-B0EC5C938523}.Debug|arm64.Build.0 = Debug|arm64
		{BA6B3532-9DE6-4702-911A-B0EC5C938523}.Debug|arm64.Deploy.0 = Debug|arm64
		{BA6B3532-9DE6-4702-911A-B0EC5C938523}.Debug|x64.ActiveCfg = Debug|x64
		{BA6B3532-9DE6-4702-911A-B0EC5C938523}.Debug|x64.Build.0 = Debug|x64
		{BA6B3532-9DE6-4702-911A-B0EC5C938523}.Debug|x64.Deploy.0 = Debug|x64
		{BA6B3532-9DE6-4702-911A-B0EC5C938523}.Debug|x86.ActiveCfg = Debug|x86
		{BA6B3532-9DE6-4702-911A-B0EC5C938523}.Debug|x86.Build.0 = Debug|x86
		{BA6B3532-9DE6-4702-911A-B0EC5C938523}.Debug|x86.Deploy.0 = Debug|x86
		{BA6B3532-9DE6-4702-911A-B0EC5C938523}.Release|Any CPU.ActiveCfg = Release|x64
		{BA6B3532-9DE6-4702-911A-B0EC5C938523}.Release|Any CPU.Build.0 = Release|x64
		{BA6B3532-9DE6-4702-911A-B0EC5C938523}.Release|Any CPU.Deploy.0 = Release|x64
		{BA6B3532-9DE6-4702-911A-B0EC5C938523}.Release|arm64.ActiveCfg = Release|arm64
		{BA6B3532-9DE6-4702-911A-B0EC5C938523}.Release|arm64.Build.0 = Release|arm64
		{BA6B3532-9DE6-4702-911A-B0EC5C938523}.Release|arm64.Deploy.0 = Release|arm64
		{BA6B3532-9DE6-4702-911A-B0EC5C938523}.Release|x64.ActiveCfg = Release|x64
		{BA6B3532-9DE6-4702-911A-B0EC5C938523}.Release|x64.Build.0 = Release|x64
		{BA6B3532-9DE6-4702-911A-B0EC5C938523}.Release|x64.Deploy.0 = Release|x64
		{BA6B3532-9DE6-4702-911A-B0EC5C938523}.Release|x86.ActiveCfg = Release|x86
		{BA6B3532-9DE6-4702-911A-B0EC5C938523}.Release|x86.Build.0 = Release|x86
		{BA6B3532-9DE6-4702-911A-B0EC5C938523}.Release|x86.Deploy.0 = Release|x86
		{54136341-31DE-43FB-803E-8355B9E26C73}.Debug|Any CPU.ActiveCfg = Debug|Any CPU
		{54136341-31DE-43FB-803E-8355B9E26C73}.Debug|Any CPU.Build.0 = Debug|Any CPU
		{54136341-31DE-43FB-803E-8355B9E26C73}.Debug|arm64.ActiveCfg = Debug|arm64
		{54136341-31DE-43FB-803E-8355B9E26C73}.Debug|arm64.Build.0 = Debug|arm64
		{54136341-31DE-43FB-803E-8355B9E26C73}.Debug|x64.ActiveCfg = Debug|x64
		{54136341-31DE-43FB-803E-8355B9E26C73}.Debug|x64.Build.0 = Debug|x64
		{54136341-31DE-43FB-803E-8355B9E26C73}.Debug|x86.ActiveCfg = Debug|x86
		{54136341-31DE-43FB-803E-8355B9E26C73}.Debug|x86.Build.0 = Debug|x86
		{54136341-31DE-43FB-803E-8355B9E26C73}.Release|Any CPU.ActiveCfg = Release|Any CPU
		{54136341-31DE-43FB-803E-8355B9E26C73}.Release|Any CPU.Build.0 = Release|Any CPU
		{54136341-31DE-43FB-803E-8355B9E26C73}.Release|arm64.ActiveCfg = Release|arm64
		{54136341-31DE-43FB-803E-8355B9E26C73}.Release|arm64.Build.0 = Release|arm64
		{54136341-31DE-43FB-803E-8355B9E26C73}.Release|x64.ActiveCfg = Release|x64
		{54136341-31DE-43FB-803E-8355B9E26C73}.Release|x64.Build.0 = Release|x64
		{54136341-31DE-43FB-803E-8355B9E26C73}.Release|x86.ActiveCfg = Release|x86
		{54136341-31DE-43FB-803E-8355B9E26C73}.Release|x86.Build.0 = Release|x86
	EndGlobalSection
	GlobalSection(SolutionProperties) = preSolution
		HideSolutionNode = FALSE
	EndGlobalSection
	GlobalSection(ExtensibilityGlobals) = postSolution
		SolutionGuid = {D1EDC8F9-A1B6-4529-8BAD-2FE02C777FEC}
	EndGlobalSection
EndGlobal
